
Microsoft Visual Studio Solution File, Format Version 12.00
# Visual Studio 15
VisualStudioVersion = 15.0.28307.106
MinimumVisualStudioVersion = 10.0.40219.1
Project("{FAE04EC0-301F-11D3-BF4B-00C04F79EFBC}") = "Battleship.App", "Battleship\Battleship.App.csproj", "{024D3E82-4C73-4D15-A121-1D90912B3870}"
EndProject
Project("{FAE04EC0-301F-11D3-BF4B-00C04F79EFBC}") = "Battleship.Test", "Battleship.Test\Battleship.Test.csproj", "{008AEAA9-92BC-482E-8BD9-2F359CFDAFF8}"
EndProject
Global
	GlobalSection(SolutionConfigurationPlatforms) = preSolution
		Debug|Any CPU = Debug|Any CPU
		Release|Any CPU = Release|Any CPU
	EndGlobalSection
	GlobalSection(ProjectConfigurationPlatforms) = postSolution
		{024D3E82-4C73-4D15-A121-1D90912B3870}.Debug|Any CPU.ActiveCfg = Debug|Any CPU
		{024D3E82-4C73-4D15-A121-1D90912B3870}.Debug|Any CPU.Build.0 = Debug|Any CPU
		{024D3E82-4C73-4D15-A121-1D90912B3870}.Release|Any CPU.ActiveCfg = Release|Any CPU
		{024D3E82-4C73-4D15-A121-1D90912B3870}.Release|Any CPU.Build.0 = Release|Any CPU
		{008AEAA9-92BC-482E-8BD9-2F359CFDAFF8}.Debug|Any CPU.ActiveCfg = Debug|Any CPU
		{008AEAA9-92BC-482E-8BD9-2F359CFDAFF8}.Debug|Any CPU.Build.0 = Debug|Any CPU
		{008AEAA9-92BC-482E-8BD9-2F359CFDAFF8}.Release|Any CPU.ActiveCfg = Release|Any CPU
		{008AEAA9-92BC-482E-8BD9-2F359CFDAFF8}.Release|Any CPU.Build.0 = Release|Any CPU
	EndGlobalSection
	GlobalSection(SolutionProperties) = preSolution
		HideSolutionNode = FALSE
	EndGlobalSection
	GlobalSection(ExtensibilityGlobals) = postSolution
		SolutionGuid = {B40BC966-A983-461C-B29A-066B853DBB1A}
	EndGlobalSection
EndGlobal
